{
  "version": 4,
  "terraform_version": "0.14.9",
  "serial": 36,
  "lineage": "b798b35f-7a8c-ced4-e47d-2e3a68bbfc2d",
  "outputs": {},
  "resources": [
    {
      "mode": "managed",
      "type": "github_repository",
      "name": "bloomsprout_blog",
      "provider": "provider[\"registry.terraform.io/integrations/github\"]",
      "instances": [
        {
          "schema_version": 0,
          "attributes": {
            "allow_merge_commit": true,
            "allow_rebase_merge": true,
            "allow_squash_merge": true,
            "archive_on_destroy": null,
            "archived": false,
            "auto_init": null,
            "default_branch": "master",
            "delete_branch_on_merge": false,
            "description": "The blog for the bloomsprout project",
            "etag": "W/\"7404266d6002842d62e203d36af5a93beed8a7086f85173c9f418fa50a980dff\"",
            "full_name": "BenDHarvey/bloomsprout-blog",
            "git_clone_url": "git://github.com/BenDHarvey/bloomsprout-blog.git",
            "gitignore_template": null,
            "has_downloads": false,
            "has_issues": false,
            "has_projects": false,
            "has_wiki": false,
            "homepage_url": "",
            "html_url": "https://github.com/BenDHarvey/bloomsprout-blog",
            "http_clone_url": "https://github.com/BenDHarvey/bloomsprout-blog.git",
            "id": "bloomsprout-blog",
            "is_template": false,
            "license_template": null,
            "name": "bloomsprout-blog",
            "node_id": "MDEwOlJlcG9zaXRvcnkzNTMxMDM2MDE=",
            "pages": [],
            "private": false,
            "repo_id": 353103601,
            "ssh_clone_url": "git@github.com:BenDHarvey/bloomsprout-blog.git",
            "svn_url": "https://github.com/BenDHarvey/bloomsprout-blog",
            "template": [],
            "topics": [],
            "visibility": "public",
            "vulnerability_alerts": false
          },
          "sensitive_attributes": [],
          "private": "bnVsbA=="
        }
      ]
    },
    {
      "mode": "managed",
      "type": "github_repository",
      "name": "bloomsprout_infrastructure",
      "provider": "provider[\"registry.terraform.io/integrations/github\"]",
      "instances": [
        {
          "schema_version": 0,
          "attributes": {
            "allow_merge_commit": true,
            "allow_rebase_merge": true,
            "allow_squash_merge": true,
            "archive_on_destroy": null,
            "archived": false,
            "auto_init": null,
            "default_branch": "master",
            "delete_branch_on_merge": false,
            "description": "Contains infrastructure code for the bloomsprout project",
            "etag": "W/\"0b80143867740a58d9eefab05962a69c25c5b1a260c76e0adb2380b6057b235d\"",
            "full_name": "BenDHarvey/bloomsprout-infrastructure",
            "git_clone_url": "git://github.com/BenDHarvey/bloomsprout-infrastructure.git",
            "gitignore_template": null,
            "has_downloads": false,
            "has_issues": false,
            "has_projects": false,
            "has_wiki": false,
            "homepage_url": "",
            "html_url": "https://github.com/BenDHarvey/bloomsprout-infrastructure",
            "http_clone_url": "https://github.com/BenDHarvey/bloomsprout-infrastructure.git",
            "id": "bloomsprout-infrastructure",
            "is_template": false,
            "license_template": null,
            "name": "bloomsprout-infrastructure",
            "node_id": "MDEwOlJlcG9zaXRvcnkzNTI3NDQ0NTY=",
            "pages": [],
            "private": false,
            "repo_id": 352744456,
            "ssh_clone_url": "git@github.com:BenDHarvey/bloomsprout-infrastructure.git",
            "svn_url": "https://github.com/BenDHarvey/bloomsprout-infrastructure",
            "template": [],
            "topics": [],
            "visibility": "public",
            "vulnerability_alerts": false
          },
          "sensitive_attributes": [],
          "private": "bnVsbA=="
        }
      ]
    },
    {
      "mode": "managed",
      "type": "github_repository",
      "name": "bloomsprout_metric_consumer",
      "provider": "provider[\"registry.terraform.io/integrations/github\"]",
      "instances": [
        {
          "schema_version": 0,
          "attributes": {
            "allow_merge_commit": true,
            "allow_rebase_merge": true,
            "allow_squash_merge": true,
            "archive_on_destroy": null,
            "archived": false,
            "auto_init": null,
            "default_branch": "main",
            "delete_branch_on_merge": false,
            "description": "Project for the consumer of metrics coming from the bloomsprout project",
            "etag": "W/\"165d298139b1cabc774ca8ca605069da49c5c640364cc494905790d4a066c856\"",
            "full_name": "BenDHarvey/bloomsprout-metric-consumer",
            "git_clone_url": "git://github.com/BenDHarvey/bloomsprout-metric-consumer.git",
            "gitignore_template": null,
            "has_downloads": false,
            "has_issues": false,
            "has_projects": false,
            "has_wiki": false,
            "homepage_url": "",
            "html_url": "https://github.com/BenDHarvey/bloomsprout-metric-consumer",
            "http_clone_url": "https://github.com/BenDHarvey/bloomsprout-metric-consumer.git",
            "id": "bloomsprout-metric-consumer",
            "is_template": false,
            "license_template": null,
            "name": "bloomsprout-metric-consumer",
            "node_id": "MDEwOlJlcG9zaXRvcnkzNjA2NTk4NTk=",
            "pages": [],
            "private": false,
            "repo_id": 360659859,
            "ssh_clone_url": "git@github.com:BenDHarvey/bloomsprout-metric-consumer.git",
            "svn_url": "https://github.com/BenDHarvey/bloomsprout-metric-consumer",
            "template": [],
            "topics": null,
            "visibility": "public",
            "vulnerability_alerts": false
          },
          "sensitive_attributes": [],
          "private": "bnVsbA=="
        }
      ]
    },
    {
      "mode": "managed",
      "type": "github_repository",
      "name": "bloomsprout_temperature_sensor",
      "provider": "provider[\"registry.terraform.io/integrations/github\"]",
      "instances": [
        {
          "schema_version": 0,
          "attributes": {
            "allow_merge_commit": true,
            "allow_rebase_merge": true,
            "allow_squash_merge": true,
            "archive_on_destroy": null,
            "archived": false,
            "auto_init": null,
            "default_branch": "master",
            "delete_branch_on_merge": false,
            "description": "Contains code for the temperatures sensor (DHT11)",
            "etag": "W/\"b5660a6e80536f02027ddd12c3f5bdb8edfbb4ec7e12535d61d97e8a7d76acdf\"",
            "full_name": "BenDHarvey/bloomsprout-temperature-sensor",
            "git_clone_url": "git://github.com/BenDHarvey/bloomsprout-temperature-sensor.git",
            "gitignore_template": null,
            "has_downloads": false,
            "has_issues": false,
            "has_projects": false,
            "has_wiki": false,
            "homepage_url": "",
            "html_url": "https://github.com/BenDHarvey/bloomsprout-temperature-sensor",
            "http_clone_url": "https://github.com/BenDHarvey/bloomsprout-temperature-sensor.git",
            "id": "bloomsprout-temperature-sensor",
            "is_template": false,
            "license_template": null,
            "name": "bloomsprout-temperature-sensor",
            "node_id": "MDEwOlJlcG9zaXRvcnkzNTI3NDQ0NDI=",
            "pages": [],
            "private": false,
            "repo_id": 352744442,
            "ssh_clone_url": "git@github.com:BenDHarvey/bloomsprout-temperature-sensor.git",
            "svn_url": "https://github.com/BenDHarvey/bloomsprout-temperature-sensor",
            "template": [],
            "topics": [],
            "visibility": "public",
            "vulnerability_alerts": false
          },
          "sensitive_attributes": [],
          "private": "bnVsbA=="
        }
      ]
    },
    {
      "mode": "managed",
      "type": "github_repository",
      "name": "comment-generator",
      "provider": "provider[\"registry.terraform.io/integrations/github\"]",
      "instances": [
        {
          "schema_version": 0,
          "attributes": {
            "allow_merge_commit": true,
            "allow_rebase_merge": true,
            "allow_squash_merge": true,
            "archive_on_destroy": null,
            "archived": false,
            "auto_init": null,
            "default_branch": "main",
            "delete_branch_on_merge": false,
            "description": "The comment generator project",
            "etag": "W/\"b3ebc7ad0efcb7582d5be6c5717af6b0ccb5b668d75b3b0f873159e567bc7b92\"",
            "full_name": "BenDHarvey/comment-generator",
            "git_clone_url": "git://github.com/BenDHarvey/comment-generator.git",
            "gitignore_template": null,
            "has_downloads": false,
            "has_issues": false,
            "has_projects": false,
            "has_wiki": false,
            "homepage_url": "",
            "html_url": "https://github.com/BenDHarvey/comment-generator",
            "http_clone_url": "https://github.com/BenDHarvey/comment-generator.git",
            "id": "comment-generator",
            "is_template": false,
            "license_template": null,
            "name": "comment-generator",
            "node_id": "MDEwOlJlcG9zaXRvcnkzNTYyMjE2Mzg=",
            "pages": [],
            "private": true,
            "repo_id": 356221638,
            "ssh_clone_url": "git@github.com:BenDHarvey/comment-generator.git",
            "svn_url": "https://github.com/BenDHarvey/comment-generator",
            "template": [],
            "topics": [],
            "visibility": "private",
            "vulnerability_alerts": false
          },
          "sensitive_attributes": [],
          "private": "bnVsbA=="
        }
      ]
    },
    {
      "mode": "managed",
      "type": "github_repository",
      "name": "configuration",
      "provider": "provider[\"registry.terraform.io/integrations/github\"]",
      "instances": [
        {
          "schema_version": 0,
          "attributes": {
            "allow_merge_commit": true,
            "allow_rebase_merge": true,
            "allow_squash_merge": true,
            "archive_on_destroy": null,
            "archived": false,
            "auto_init": null,
            "default_branch": "master",
            "delete_branch_on_merge": false,
            "description": "configuration repo containing all personal configuration and dotfiles",
            "etag": "W/\"b3d6ec9ed9cbecd7a1823a8e183e71d81abe9efdc3ed39597eff6f86cb8106ab\"",
            "full_name": "BenDHarvey/configuration",
            "git_clone_url": "git://github.com/BenDHarvey/configuration.git",
            "gitignore_template": null,
            "has_downloads": false,
            "has_issues": false,
            "has_projects": false,
            "has_wiki": false,
            "homepage_url": "",
            "html_url": "https://github.com/BenDHarvey/configuration",
            "http_clone_url": "https://github.com/BenDHarvey/configuration.git",
            "id": "configuration",
            "is_template": false,
            "license_template": null,
            "name": "configuration",
            "node_id": "MDEwOlJlcG9zaXRvcnkzNDk5MDYyMjA=",
            "pages": [],
            "private": true,
            "repo_id": 349906220,
            "ssh_clone_url": "git@github.com:BenDHarvey/configuration.git",
            "svn_url": "https://github.com/BenDHarvey/configuration",
            "template": [],
            "topics": [],
            "visibility": "private",
            "vulnerability_alerts": false
          },
          "sensitive_attributes": [],
          "private": "bnVsbA=="
        }
      ]
    },
    {
      "mode": "managed",
      "type": "github_repository",
      "name": "org",
      "provider": "provider[\"registry.terraform.io/integrations/github\"]",
      "instances": [
        {
          "schema_version": 0,
          "attributes": {
            "allow_merge_commit": true,
            "allow_rebase_merge": true,
            "allow_squash_merge": true,
            "archive_on_destroy": null,
            "archived": false,
            "auto_init": null,
            "default_branch": "main",
            "delete_branch_on_merge": false,
            "description": "The repo that holds all the org files",
            "etag": "W/\"6d442ca7c7cdf8c0fb80b8f5685799e6d344fb408614d1c23bab36984f8c7dc4\"",
            "full_name": "BenDHarvey/org",
            "git_clone_url": "git://github.com/BenDHarvey/org.git",
            "gitignore_template": null,
            "has_downloads": false,
            "has_issues": false,
            "has_projects": false,
            "has_wiki": false,
            "homepage_url": "",
            "html_url": "https://github.com/BenDHarvey/org",
            "http_clone_url": "https://github.com/BenDHarvey/org.git",
            "id": "org",
            "is_template": false,
            "license_template": null,
            "name": "org",
            "node_id": "MDEwOlJlcG9zaXRvcnkzNTI1MDY4NjM=",
            "pages": [],
            "private": true,
            "repo_id": 352506863,
            "ssh_clone_url": "git@github.com:BenDHarvey/org.git",
            "svn_url": "https://github.com/BenDHarvey/org",
            "template": [],
            "topics": [],
            "visibility": "private",
            "vulnerability_alerts": false
          },
          "sensitive_attributes": [],
          "private": "bnVsbA=="
        }
      ]
    },
    {
      "mode": "managed",
      "type": "github_repository",
      "name": "personal-blog",
      "provider": "provider[\"registry.terraform.io/integrations/github\"]",
      "instances": [
        {
          "schema_version": 0,
          "attributes": {
            "allow_merge_commit": true,
            "allow_rebase_merge": true,
            "allow_squash_merge": true,
            "archive_on_destroy": null,
            "archived": false,
            "auto_init": null,
            "default_branch": "master",
            "delete_branch_on_merge": false,
            "description": "My personal blog where I write things down",
            "etag": "W/\"beead046c01619635d7832c75efa35c0145280b46c8540ff8469f6ed2e321238\"",
            "full_name": "BenDHarvey/blog",
            "git_clone_url": "git://github.com/BenDHarvey/blog.git",
            "gitignore_template": null,
            "has_downloads": false,
            "has_issues": false,
            "has_projects": false,
            "has_wiki": false,
            "homepage_url": "",
            "html_url": "https://github.com/BenDHarvey/blog",
            "http_clone_url": "https://github.com/BenDHarvey/blog.git",
            "id": "blog",
            "is_template": false,
            "license_template": null,
            "name": "blog",
            "node_id": "MDEwOlJlcG9zaXRvcnkzNTMxMDM1OTE=",
            "pages": [],
            "private": true,
            "repo_id": 353103591,
            "ssh_clone_url": "git@github.com:BenDHarvey/blog.git",
            "svn_url": "https://github.com/BenDHarvey/blog",
            "template": [],
            "topics": [],
            "visibility": "private",
            "vulnerability_alerts": false
          },
          "sensitive_attributes": [],
          "private": "bnVsbA=="
        }
      ]
    },
    {
      "mode": "managed",
      "type": "github_user_ssh_key",
      "name": "benharvey_ssh_key",
      "provider": "provider[\"registry.terraform.io/integrations/github\"]",
      "instances": [
        {
          "schema_version": 0,
          "attributes": {
            "etag": "W/\"f6e5c932ebdb2ba710263855ba851e42d0b0795e007f4972d4dc02df8a18d245\"",
            "id": "52326936",
            "key": "ssh-rsa AAAAB3NzaC1yc2EAAAADAQABAAABgQDawipg4N4ELpPv9g2Na81d6y00yj/xLlPykONTquAEYaApeOrZMOYMM1uwXHrWhK0Tk0E8Hoa0X6hnE2Fln313qnMJRssm0ftlmKAEpWFMhcEYmZXi8k6s/tDuRCWPulSYP2uloDRpR+G0eoPMkFbbYwvhOllMlWxSTvaidVXGoAS/R8fYomqHKCXusyEOgOp8ypC79RXGrRXEdGw4zlSsTdqJbgG5KygkA9JYi289ShNbFkR9lS4FmY/tQJkccoGc0EpxRGIrf7dZI+6wKysgDv2nWaT2mYvC6SiBC+MlLu80G3AFQxrOt8i/psBsu16wigqacuPUdLfn7bkzsbYStzwJII4HWuj9suRsSm3y97ljCDDfBZkjn8hw71jjX0MKQZpB1ILMKdq2P6AlMZOf3u5ucCfSRH9izogayQBGPpL7bC1V/LKYfSOUxhQ6sv7G+ngD4+mKtaveD8n46GcDgpILhncWc6OqTlR1f6mVUnPEFT4tFTPWvOnr1ZJyyzM=",
            "title": "personal_key",
            "url": "https://api.github.com/user/keys/52326936"
          },
          "sensitive_attributes": [],
          "private": "bnVsbA=="
        }
      ]
    }
  ]
}
