{
  "version": 4,
  "terraform_version": "0.14.9",
  "serial": 40,
  "lineage": "b798b35f-7a8c-ced4-e47d-2e3a68bbfc2d",
  "outputs": {},
  "resources": [
    {
      "mode": "managed",
      "type": "github_repository",
      "name": "bloomsprout_blog",
      "provider": "provider[\"registry.terraform.io/integrations/github\"]",
      "instances": [
        {
          "schema_version": 0,
          "attributes": {
            "allow_merge_commit": true,
            "allow_rebase_merge": true,
            "allow_squash_merge": true,
            "archive_on_destroy": null,
            "archived": false,
            "auto_init": null,
            "default_branch": "master",
            "delete_branch_on_merge": false,
            "description": "The blog for the bloomsprout project",
            "etag": "W/\"21e12395b34d975ad7277677effd1ca11d4ee794f0d799bc7d1c19ae69765b67\"",
            "full_name": "BenDHarvey/bloomsprout-blog",
            "git_clone_url": "git://github.com/BenDHarvey/bloomsprout-blog.git",
            "gitignore_template": null,
            "has_downloads": false,
            "has_issues": false,
            "has_projects": false,
            "has_wiki": false,
            "homepage_url": "",
            "html_url": "https://github.com/BenDHarvey/bloomsprout-blog",
            "http_clone_url": "https://github.com/BenDHarvey/bloomsprout-blog.git",
            "id": "bloomsprout-blog",
            "is_template": false,
            "license_template": null,
            "name": "bloomsprout-blog",
            "node_id": "MDEwOlJlcG9zaXRvcnkzNTMxMDM2MDE=",
            "pages": [],
            "private": false,
            "repo_id": 353103601,
            "ssh_clone_url": "git@github.com:BenDHarvey/bloomsprout-blog.git",
            "svn_url": "https://github.com/BenDHarvey/bloomsprout-blog",
            "template": [],
            "topics": [],
            "visibility": "public",
            "vulnerability_alerts": false
          },
          "sensitive_attributes": [],
          "private": "bnVsbA=="
        }
      ]
    },
    {
      "mode": "managed",
      "type": "github_repository",
      "name": "bloomsprout_infrastructure",
      "provider": "provider[\"registry.terraform.io/integrations/github\"]",
      "instances": [
        {
          "schema_version": 0,
          "attributes": {
            "allow_merge_commit": true,
            "allow_rebase_merge": true,
            "allow_squash_merge": true,
            "archive_on_destroy": null,
            "archived": false,
            "auto_init": null,
            "default_branch": "master",
            "delete_branch_on_merge": false,
            "description": "Contains infrastructure code for the bloomsprout project",
            "etag": "W/\"0bd92b0c372cd7b5eb4b7c37ce57e9ae1755cbd2d11aacd6b0d6f9837ba98276\"",
            "full_name": "BenDHarvey/bloomsprout-infrastructure",
            "git_clone_url": "git://github.com/BenDHarvey/bloomsprout-infrastructure.git",
            "gitignore_template": null,
            "has_downloads": false,
            "has_issues": false,
            "has_projects": false,
            "has_wiki": false,
            "homepage_url": "",
            "html_url": "https://github.com/BenDHarvey/bloomsprout-infrastructure",
            "http_clone_url": "https://github.com/BenDHarvey/bloomsprout-infrastructure.git",
            "id": "bloomsprout-infrastructure",
            "is_template": false,
            "license_template": null,
            "name": "bloomsprout-infrastructure",
            "node_id": "MDEwOlJlcG9zaXRvcnkzNTI3NDQ0NTY=",
            "pages": [],
            "private": false,
            "repo_id": 352744456,
            "ssh_clone_url": "git@github.com:BenDHarvey/bloomsprout-infrastructure.git",
            "svn_url": "https://github.com/BenDHarvey/bloomsprout-infrastructure",
            "template": [],
            "topics": [],
            "visibility": "public",
            "vulnerability_alerts": false
          },
          "sensitive_attributes": [],
          "private": "bnVsbA=="
        }
      ]
    },
    {
      "mode": "managed",
      "type": "github_repository",
      "name": "bloomsprout_metric_consumer",
      "provider": "provider[\"registry.terraform.io/integrations/github\"]",
      "instances": [
        {
          "schema_version": 0,
          "attributes": {
            "allow_merge_commit": true,
            "allow_rebase_merge": true,
            "allow_squash_merge": true,
            "archive_on_destroy": null,
            "archived": false,
            "auto_init": null,
            "default_branch": "master",
            "delete_branch_on_merge": false,
            "description": "Project for the consumer of metrics coming from the bloomsprout project",
            "etag": "W/\"74aa252b2df52b364021ba9ce86f1f47b576b16219f02426bf9998bd478826e6\"",
            "full_name": "BenDHarvey/bloomsprout-metric-server",
            "git_clone_url": "git://github.com/BenDHarvey/bloomsprout-metric-server.git",
            "gitignore_template": null,
            "has_downloads": false,
            "has_issues": false,
            "has_projects": false,
            "has_wiki": false,
            "homepage_url": "",
            "html_url": "https://github.com/BenDHarvey/bloomsprout-metric-server",
            "http_clone_url": "https://github.com/BenDHarvey/bloomsprout-metric-server.git",
            "id": "bloomsprout-metric-consumer",
            "is_template": false,
            "license_template": null,
            "name": "bloomsprout-metric-consumer",
            "node_id": "MDEwOlJlcG9zaXRvcnkzNjA2NTk4NTk=",
            "pages": [],
            "private": false,
            "repo_id": 360659859,
            "ssh_clone_url": "git@github.com:BenDHarvey/bloomsprout-metric-server.git",
            "svn_url": "https://github.com/BenDHarvey/bloomsprout-metric-server",
            "template": [],
            "topics": [],
            "visibility": "public",
            "vulnerability_alerts": false
          },
          "sensitive_attributes": [],
          "private": "bnVsbA=="
        }
      ]
    },
    {
      "mode": "managed",
      "type": "github_repository",
      "name": "bloomsprout_temperature_sensor",
      "provider": "provider[\"registry.terraform.io/integrations/github\"]",
      "instances": [
        {
          "schema_version": 0,
          "attributes": {
            "allow_merge_commit": true,
            "allow_rebase_merge": true,
            "allow_squash_merge": true,
            "archive_on_destroy": null,
            "archived": false,
            "auto_init": null,
            "default_branch": "master",
            "delete_branch_on_merge": false,
            "description": "Contains code for the temperatures sensor (DHT11)",
            "etag": "W/\"17b900f42a472729fad0c10ef39923a71a566abd2dee7b054ef342ce75efb6f4\"",
            "full_name": "BenDHarvey/bloomsprout-temperature-sensor",
            "git_clone_url": "git://github.com/BenDHarvey/bloomsprout-temperature-sensor.git",
            "gitignore_template": null,
            "has_downloads": false,
            "has_issues": false,
            "has_projects": false,
            "has_wiki": false,
            "homepage_url": "",
            "html_url": "https://github.com/BenDHarvey/bloomsprout-temperature-sensor",
            "http_clone_url": "https://github.com/BenDHarvey/bloomsprout-temperature-sensor.git",
            "id": "bloomsprout-temperature-sensor",
            "is_template": false,
            "license_template": null,
            "name": "bloomsprout-temperature-sensor",
            "node_id": "MDEwOlJlcG9zaXRvcnkzNTI3NDQ0NDI=",
            "pages": [],
            "private": false,
            "repo_id": 352744442,
            "ssh_clone_url": "git@github.com:BenDHarvey/bloomsprout-temperature-sensor.git",
            "svn_url": "https://github.com/BenDHarvey/bloomsprout-temperature-sensor",
            "template": [],
            "topics": [],
            "visibility": "public",
            "vulnerability_alerts": false
          },
          "sensitive_attributes": [],
          "private": "bnVsbA=="
        }
      ]
    },
    {
      "mode": "managed",
      "type": "github_repository",
      "name": "comment-generator",
      "provider": "provider[\"registry.terraform.io/integrations/github\"]",
      "instances": [
        {
          "schema_version": 0,
          "attributes": {
            "allow_merge_commit": true,
            "allow_rebase_merge": true,
            "allow_squash_merge": true,
            "archive_on_destroy": null,
            "archived": false,
            "auto_init": null,
            "default_branch": "main",
            "delete_branch_on_merge": false,
            "description": "The comment generator project",
            "etag": "W/\"17b782284913161b528f069094975ef818785c6a3ec96dd85ccee90f1be1cfde\"",
            "full_name": "BenDHarvey/comment-generator",
            "git_clone_url": "git://github.com/BenDHarvey/comment-generator.git",
            "gitignore_template": null,
            "has_downloads": false,
            "has_issues": false,
            "has_projects": false,
            "has_wiki": false,
            "homepage_url": "",
            "html_url": "https://github.com/BenDHarvey/comment-generator",
            "http_clone_url": "https://github.com/BenDHarvey/comment-generator.git",
            "id": "comment-generator",
            "is_template": false,
            "license_template": null,
            "name": "comment-generator",
            "node_id": "MDEwOlJlcG9zaXRvcnkzNTYyMjE2Mzg=",
            "pages": [],
            "private": true,
            "repo_id": 356221638,
            "ssh_clone_url": "git@github.com:BenDHarvey/comment-generator.git",
            "svn_url": "https://github.com/BenDHarvey/comment-generator",
            "template": [],
            "topics": [],
            "visibility": "private",
            "vulnerability_alerts": false
          },
          "sensitive_attributes": [],
          "private": "bnVsbA=="
        }
      ]
    },
    {
      "mode": "managed",
      "type": "github_repository",
      "name": "configuration",
      "provider": "provider[\"registry.terraform.io/integrations/github\"]",
      "instances": [
        {
          "schema_version": 0,
          "attributes": {
            "allow_merge_commit": true,
            "allow_rebase_merge": true,
            "allow_squash_merge": true,
            "archive_on_destroy": null,
            "archived": false,
            "auto_init": null,
            "default_branch": "master",
            "delete_branch_on_merge": false,
            "description": "configuration repo containing all personal configuration and dotfiles",
            "etag": "W/\"4127160b8517e3c3c912a43868370a38468c3c84810af0720fbe27155f694dc1\"",
            "full_name": "BenDHarvey/configuration",
            "git_clone_url": "git://github.com/BenDHarvey/configuration.git",
            "gitignore_template": null,
            "has_downloads": false,
            "has_issues": false,
            "has_projects": false,
            "has_wiki": false,
            "homepage_url": "",
            "html_url": "https://github.com/BenDHarvey/configuration",
            "http_clone_url": "https://github.com/BenDHarvey/configuration.git",
            "id": "configuration",
            "is_template": false,
            "license_template": null,
            "name": "configuration",
            "node_id": "MDEwOlJlcG9zaXRvcnkzNDk5MDYyMjA=",
            "pages": [],
            "private": true,
            "repo_id": 349906220,
            "ssh_clone_url": "git@github.com:BenDHarvey/configuration.git",
            "svn_url": "https://github.com/BenDHarvey/configuration",
            "template": [],
            "topics": [],
            "visibility": "private",
            "vulnerability_alerts": false
          },
          "sensitive_attributes": [],
          "private": "bnVsbA=="
        }
      ]
    },
    {
      "mode": "managed",
      "type": "github_repository",
      "name": "org",
      "provider": "provider[\"registry.terraform.io/integrations/github\"]",
      "instances": [
        {
          "schema_version": 0,
          "attributes": {
            "allow_merge_commit": true,
            "allow_rebase_merge": true,
            "allow_squash_merge": true,
            "archive_on_destroy": null,
            "archived": false,
            "auto_init": null,
            "default_branch": "master",
            "delete_branch_on_merge": false,
            "description": "The repo that holds all the org files",
            "etag": "W/\"62e657c2f99dbbcdfd2133f4301f851c670f6476152f748232719e90eacc6864\"",
            "full_name": "BenDHarvey/org",
            "git_clone_url": "git://github.com/BenDHarvey/org.git",
            "gitignore_template": null,
            "has_downloads": false,
            "has_issues": false,
            "has_projects": false,
            "has_wiki": false,
            "homepage_url": "",
            "html_url": "https://github.com/BenDHarvey/org",
            "http_clone_url": "https://github.com/BenDHarvey/org.git",
            "id": "org",
            "is_template": false,
            "license_template": null,
            "name": "org",
            "node_id": "MDEwOlJlcG9zaXRvcnkzNTI1MDY4NjM=",
            "pages": [],
            "private": true,
            "repo_id": 352506863,
            "ssh_clone_url": "git@github.com:BenDHarvey/org.git",
            "svn_url": "https://github.com/BenDHarvey/org",
            "template": [],
            "topics": [],
            "visibility": "private",
            "vulnerability_alerts": false
          },
          "sensitive_attributes": [],
          "private": "bnVsbA=="
        }
      ]
    },
    {
      "mode": "managed",
      "type": "github_repository",
      "name": "personal-blog",
      "provider": "provider[\"registry.terraform.io/integrations/github\"]",
      "instances": [
        {
          "schema_version": 0,
          "attributes": {
            "allow_merge_commit": true,
            "allow_rebase_merge": true,
            "allow_squash_merge": true,
            "archive_on_destroy": null,
            "archived": false,
            "auto_init": null,
            "default_branch": "master",
            "delete_branch_on_merge": false,
            "description": "My personal blog where I write things down",
            "etag": "W/\"f9c7128fdc4241e33162184217e8df65724f0f15e1b83bfbfb5e1fa557e1ec4f\"",
            "full_name": "BenDHarvey/blog",
            "git_clone_url": "git://github.com/BenDHarvey/blog.git",
            "gitignore_template": null,
            "has_downloads": false,
            "has_issues": false,
            "has_projects": false,
            "has_wiki": false,
            "homepage_url": "",
            "html_url": "https://github.com/BenDHarvey/blog",
            "http_clone_url": "https://github.com/BenDHarvey/blog.git",
            "id": "blog",
            "is_template": false,
            "license_template": null,
            "name": "blog",
            "node_id": "MDEwOlJlcG9zaXRvcnkzNTMxMDM1OTE=",
            "pages": [],
            "private": true,
            "repo_id": 353103591,
            "ssh_clone_url": "git@github.com:BenDHarvey/blog.git",
            "svn_url": "https://github.com/BenDHarvey/blog",
            "template": [],
            "topics": [],
            "visibility": "private",
            "vulnerability_alerts": false
          },
          "sensitive_attributes": [],
          "private": "bnVsbA=="
        }
      ]
    },
    {
      "mode": "managed",
      "type": "github_user_ssh_key",
      "name": "benharvey_ssh_key",
      "provider": "provider[\"registry.terraform.io/integrations/github\"]",
      "instances": [
        {
          "schema_version": 0,
          "attributes": {
            "etag": "W/\"862e4166bceb041277f4d5d1fdbc1446b3a498a4cbaada975b8442e50774b6b9\"",
            "id": "52740128",
            "key": "ssh-rsa AAAAB3NzaC1yc2EAAAADAQABAAABgQDawipg4N4ELpPv9g2Na81d6y00yj/xLlPykONTquAEYaApeOrZMOYMM1uwXHrWhK0Tk0E8Hoa0X6hnE2Fln313qnMJRssm0ftlmKAEpWFMhcEYmZXi8k6s/tDuRCWPulSYP2uloDRpR+G0eoPMkFbbYwvhOllMlWxSTvaidVXGoAS/R8fYomqHKCXusyEOgOp8ypC79RXGrRXEdGw4zlSsTdqJbgG5KygkA9JYi289ShNbFkR9lS4FmY/tQJkccoGc0EpxRGIrf7dZI+6wKysgDv2nWaT2mYvC6SiBC+MlLu80G3AFQxrOt8i/psBsu16wigqacuPUdLfn7bkzsbYStzwJII4HWuj9suRsSm3y97ljCDDfBZkjn8hw71jjX0MKQZpB1ILMKdq2P6AlMZOf3u5ucCfSRH9izogayQBGPpL7bC1V/LKYfSOUxhQ6sv7G+ngD4+mKtaveD8n46GcDgpILhncWc6OqTlR1f6mVUnPEFT4tFTPWvOnr1ZJyyzM=",
            "title": "personal_key",
            "url": "https://api.github.com/user/keys/52740128"
          },
          "sensitive_attributes": [],
          "private": "bnVsbA=="
        }
      ]
    }
  ]
}
