{
  "version": 4,
  "terraform_version": "0.14.9",
  "serial": 4,
  "lineage": "b798b35f-7a8c-ced4-e47d-2e3a68bbfc2d",
  "outputs": {},
  "resources": [
    {
      "mode": "managed",
      "type": "github_repository",
      "name": "configuration",
      "provider": "provider[\"registry.terraform.io/integrations/github\"]",
      "instances": [
        {
          "schema_version": 0,
          "attributes": {
            "allow_merge_commit": true,
            "allow_rebase_merge": true,
            "allow_squash_merge": true,
            "archive_on_destroy": null,
            "archived": false,
            "auto_init": null,
            "default_branch": "master",
            "delete_branch_on_merge": false,
            "description": "configuration repo containing all personal configuration and dotfiles",
            "etag": "W/\"efd09c470577468705d1d2b638f2c5aa08305d73bd2504ea8eef68c1563de982\"",
            "full_name": "BenDHarvey/configuration",
            "git_clone_url": "git://github.com/BenDHarvey/configuration.git",
            "gitignore_template": null,
            "has_downloads": false,
            "has_issues": false,
            "has_projects": false,
            "has_wiki": false,
            "homepage_url": "",
            "html_url": "https://github.com/BenDHarvey/configuration",
            "http_clone_url": "https://github.com/BenDHarvey/configuration.git",
            "id": "configuration",
            "is_template": false,
            "license_template": null,
            "name": "configuration",
            "node_id": "MDEwOlJlcG9zaXRvcnkzNDk5MDYyMjA=",
            "pages": [],
            "private": true,
            "repo_id": 349906220,
            "ssh_clone_url": "git@github.com:BenDHarvey/configuration.git",
            "svn_url": "https://github.com/BenDHarvey/configuration",
            "template": [],
            "topics": [],
            "visibility": "private",
            "vulnerability_alerts": false
          },
          "sensitive_attributes": [],
          "private": "bnVsbA=="
        }
      ]
    },
    {
      "mode": "managed",
      "type": "github_user_ssh_key",
      "name": "benharvey_ssh_key",
      "provider": "provider[\"registry.terraform.io/integrations/github\"]",
      "instances": [
        {
          "schema_version": 0,
          "attributes": {
            "etag": "W/\"b1439d7ba31a73d97b3c607dc158b93dc4d7a3238c0c55cd49262685416ed2bd\"",
            "id": "51408975",
            "key": "ssh-rsa AAAAB3NzaC1yc2EAAAADAQABAAABgQDawipg4N4ELpPv9g2Na81d6y00yj/xLlPykONTquAEYaApeOrZMOYMM1uwXHrWhK0Tk0E8Hoa0X6hnE2Fln313qnMJRssm0ftlmKAEpWFMhcEYmZXi8k6s/tDuRCWPulSYP2uloDRpR+G0eoPMkFbbYwvhOllMlWxSTvaidVXGoAS/R8fYomqHKCXusyEOgOp8ypC79RXGrRXEdGw4zlSsTdqJbgG5KygkA9JYi289ShNbFkR9lS4FmY/tQJkccoGc0EpxRGIrf7dZI+6wKysgDv2nWaT2mYvC6SiBC+MlLu80G3AFQxrOt8i/psBsu16wigqacuPUdLfn7bkzsbYStzwJII4HWuj9suRsSm3y97ljCDDfBZkjn8hw71jjX0MKQZpB1ILMKdq2P6AlMZOf3u5ucCfSRH9izogayQBGPpL7bC1V/LKYfSOUxhQ6sv7G+ngD4+mKtaveD8n46GcDgpILhncWc6OqTlR1f6mVUnPEFT4tFTPWvOnr1ZJyyzM=",
            "title": "personal_key",
            "url": "https://api.github.com/user/keys/51408975"
          },
          "sensitive_attributes": [],
          "private": "bnVsbA=="
        }
      ]
    }
  ]
}
