{
  "version": 4,
  "terraform_version": "0.14.8",
  "serial": 1,
  "lineage": "b798b35f-7a8c-ced4-e47d-2e3a68bbfc2d",
  "outputs": {},
  "resources": [
    {
      "mode": "managed",
      "type": "github_repository",
      "name": "configuration",
      "provider": "provider[\"registry.terraform.io/integrations/github\"]",
      "instances": [
        {
          "schema_version": 0,
          "attributes": {
            "allow_merge_commit": true,
            "allow_rebase_merge": true,
            "allow_squash_merge": true,
            "archive_on_destroy": null,
            "archived": false,
            "auto_init": null,
            "default_branch": "main",
            "delete_branch_on_merge": false,
            "description": "configuration repo containing all personal configuration and dotfiles",
            "etag": "W/\"3b046d56151125fc8aee112577478f3a776e5b5902c607f53432dab3ce4ca68d\"",
            "full_name": "BenDHarvey/configuration",
            "git_clone_url": "git://github.com/BenDHarvey/configuration.git",
            "gitignore_template": null,
            "has_downloads": false,
            "has_issues": false,
            "has_projects": false,
            "has_wiki": false,
            "homepage_url": "",
            "html_url": "https://github.com/BenDHarvey/configuration",
            "http_clone_url": "https://github.com/BenDHarvey/configuration.git",
            "id": "configuration",
            "is_template": false,
            "license_template": null,
            "name": "configuration",
            "node_id": "MDEwOlJlcG9zaXRvcnkzNDk5MDYyMjA=",
            "pages": [],
            "private": true,
            "repo_id": 349906220,
            "ssh_clone_url": "git@github.com:BenDHarvey/configuration.git",
            "svn_url": "https://github.com/BenDHarvey/configuration",
            "template": [],
            "topics": null,
            "visibility": "private",
            "vulnerability_alerts": false
          },
          "sensitive_attributes": [],
          "private": "bnVsbA=="
        }
      ]
    }
  ]
}
